<?xml version="1.0" encoding="utf-8"?>
<Project ToolsVersion="4.0" xmlns="http://schemas.microsoft.com/developer/msbuild/2003">
  <ItemGroup>
    <Filter Include="Source Files">
      <UniqueIdentifier>{4FC737F1-C7A5-4376-A066-2A32D752A2FF}</UniqueIdentifier>
      <Extensions>cpp;c;cc;cxx;def;odl;idl;hpj;bat;asm;asmx;ino;pde</Extensions>
    </Filter>
    <Filter Include="Header Files">
      <UniqueIdentifier>{93995380-89BD-4b04-88EB-625FBE52EBFB}</UniqueIdentifier>
      <Extensions>h;hh;hpp;hxx;hm;inl;inc;xsd</Extensions>
    </Filter>
    <Filter Include="WatchFace">
      <UniqueIdentifier>{ea98011a-61a8-4fe8-8f8c-ea37d407f406}</UniqueIdentifier>
    </Filter>
  </ItemGroup>
  <ItemGroup>
    <None Include="platformio.ini" />
    <None Include="cpp.hint" />
  </ItemGroup>
  <ItemGroup>
    <ClCompile Include="src/main.cpp">
      <Filter>Source Files</Filter>
    </ClCompile>
  </ItemGroup>
  <ItemGroup>
    <ClInclude Include="src/main.h">
      <Filter>Header Files</Filter>
    </ClInclude>
  </ItemGroup>
  <ItemGroup>
    <ClCompile Include="src/Main.ino">
      <Filter>Source Files</Filter>
    </ClCompile>
  </ItemGroup>
  <ItemGroup>
    <ClCompile Include="src/README.md">
      <Filter>Source Files</Filter>
    </ClCompile>
  </ItemGroup>
  <ItemGroup>
    <ClInclude Include="src/settings.h">
      <Filter>Header Files</Filter>
    </ClInclude>
  </ItemGroup>
  <ItemGroup>
    <ClInclude Include="src/WatchFace/Fonts/DSEG7_Classic_Bold_25.h">
      <Filter>Header Files</Filter>
    </ClInclude>
  </ItemGroup>
  <ItemGroup>
    <ClInclude Include="src/WatchFace/Fonts/DSEG7_Classic_Regular_15.h">
      <Filter>Header Files</Filter>
    </ClInclude>
  </ItemGroup>
  <ItemGroup>
    <ClInclude Include="src/WatchFace/Fonts/DSEG7_Classic_Regular_39.h">
      <Filter>Header Files</Filter>
    </ClInclude>
  </ItemGroup>
  <ItemGroup>
    <ClInclude Include="src/WatchFace/Fonts/Font_Big.h">
      <Filter>Header Files</Filter>
    </ClInclude>
  </ItemGroup>
  <ItemGroup>
    <ClInclude Include="src/WatchFace/Fonts/Seven_Segment10pt7b.h">
      <Filter>Header Files</Filter>
    </ClInclude>
  </ItemGroup>
  <ItemGroup>
    <ClCompile Include="src/WatchFace/Watchy_7_SEG/7_SEG.bin">
      <Filter>Source Files</Filter>
    </ClCompile>
  </ItemGroup>
  <ItemGroup>
    <ClCompile Include="src/WatchFace/Watchy_7_SEG/7_SEG_LIGHT.bin">
      <Filter>Source Files</Filter>
    </ClCompile>
  </ItemGroup>
  <ItemGroup>
    <ClCompile Include="src/WatchFace/Watchy_7_SEG/7_SEG_OTA.ino.esp32.bin">
      <Filter>Source Files</Filter>
    </ClCompile>
  </ItemGroup>
  <ItemGroup>
    <ClCompile Include="src/WatchFace/Watchy_7_SEG/Dusk2Dawn.cpp">
      <Filter>Source Files</Filter>
    </ClCompile>
  </ItemGroup>
  <ItemGroup>
    <ClInclude Include="src/WatchFace/Watchy_7_SEG/Dusk2Dawn.h">
      <Filter>Header Files</Filter>
    </ClInclude>
  </ItemGroup>
  <ItemGroup>
    <ClInclude Include="src/WatchFace/Watchy_7_SEG/icons.h">
      <Filter>Header Files</Filter>
    </ClInclude>
  </ItemGroup>
  <ItemGroup>
    <ClCompile Include="src/WatchFace/Watchy_7_SEG/LICENSE">
      <Filter>Source Files</Filter>
    </ClCompile>
  </ItemGroup>
  <ItemGroup>
    <ClCompile Include="src/WatchFace/Watchy_7_SEG/moonPhaser.cpp">
      <Filter>Source Files</Filter>
    </ClCompile>
  </ItemGroup>
  <ItemGroup>
    <ClInclude Include="src/WatchFace/Watchy_7_SEG/moonPhaser.h">
      <Filter>Header Files</Filter>
    </ClInclude>
  </ItemGroup>
  <ItemGroup>
    <ClCompile Include="src/WatchFace/Watchy_7_SEG/README.md">
      <Filter>Source Files</Filter>
    </ClCompile>
  </ItemGroup>
  <ItemGroup>
    <ClCompile Include="src/WatchFace/Watchy_7_SEG/Watchy_7_SEG.cpp">
      <Filter>Source Files</Filter>
    </ClCompile>
  </ItemGroup>
  <ItemGroup>
    <ClInclude Include="src/WatchFace/Watchy_7_SEG/Watchy_7_SEG.h">
      <Filter>Header Files</Filter>
    </ClInclude>
  </ItemGroup>
  <ItemGroup>
    <ClCompile Include="src/WatchFace/Watchy_7_SEG/assets/0.png">
      <Filter>Source Files</Filter>
    </ClCompile>
  </ItemGroup>
  <ItemGroup>
    <ClCompile Include="src/WatchFace/Watchy_7_SEG/assets/1.png">
      <Filter>Source Files</Filter>
    </ClCompile>
  </ItemGroup>
  <ItemGroup>
    <ClCompile Include="src/WatchFace/Watchy_7_SEG/assets/2.png">
      <Filter>Source Files</Filter>
    </ClCompile>
  </ItemGroup>
  <ItemGroup>
    <ClCompile Include="src/WatchFace/Watchy_7_SEG/assets/2_7_SEG_Light - 副本 (2).png">
      <Filter>Source Files</Filter>
    </ClCompile>
  </ItemGroup>
  <ItemGroup>
    <ClCompile Include="src/WatchFace/Watchy_7_SEG/assets/2_7_SEG_Light - 副本 (3) - 副本.png">
      <Filter>Source Files</Filter>
    </ClCompile>
  </ItemGroup>
  <ItemGroup>
    <ClCompile Include="src/WatchFace/Watchy_7_SEG/assets/2_7_SEG_Light - 副本 (3).png">
      <Filter>Source Files</Filter>
    </ClCompile>
  </ItemGroup>
  <ItemGroup>
    <ClCompile Include="src/WatchFace/Watchy_7_SEG/assets/2_7_SEG_Light - 副本 (4).png">
      <Filter>Source Files</Filter>
    </ClCompile>
  </ItemGroup>
  <ItemGroup>
    <ClCompile Include="src/WatchFace/Watchy_7_SEG/assets/2_7_SEG_Light - 副本 (5).png">
      <Filter>Source Files</Filter>
    </ClCompile>
  </ItemGroup>
  <ItemGroup>
    <ClCompile Include="src/WatchFace/Watchy_7_SEG/assets/2_7_SEG_Light - 副本.png">
      <Filter>Source Files</Filter>
    </ClCompile>
  </ItemGroup>
  <ItemGroup>
    <ClCompile Include="src/WatchFace/Watchy_7_SEG/assets/2_7_SEG_Light.png">
      <Filter>Source Files</Filter>
    </ClCompile>
  </ItemGroup>
  <ItemGroup>
    <ClCompile Include="src/WatchFace/Watchy_7_SEG/assets/2_7_SEG_Light.psd">
      <Filter>Source Files</Filter>
    </ClCompile>
  </ItemGroup>
  <ItemGroup>
    <ClCompile Include="src/WatchFace/Watchy_7_SEG/assets/2_7_SEG_Light10.png">
      <Filter>Source Files</Filter>
    </ClCompile>
  </ItemGroup>
  <ItemGroup>
    <ClCompile Include="src/WatchFace/Watchy_7_SEG/assets/2_7_SEG_Light13.png">
      <Filter>Source Files</Filter>
    </ClCompile>
  </ItemGroup>
  <ItemGroup>
    <ClCompile Include="src/WatchFace/Watchy_7_SEG/assets/2_7_SEG_Light3.png">
      <Filter>Source Files</Filter>
    </ClCompile>
  </ItemGroup>
  <ItemGroup>
    <ClCompile Include="src/WatchFace/Watchy_7_SEG/assets/2_7_SEG_Light_fe.png">
      <Filter>Source Files</Filter>
    </ClCompile>
  </ItemGroup>
  <ItemGroup>
    <ClCompile Include="src/WatchFace/Watchy_7_SEG/assets/2_7_SEG_Light_ff.png">
      <Filter>Source Files</Filter>
    </ClCompile>
  </ItemGroup>
  <ItemGroup>
    <ClCompile Include="src/WatchFace/Watchy_7_SEG/assets/2_7_SEG_Light_fg.png">
      <Filter>Source Files</Filter>
    </ClCompile>
  </ItemGroup>
  <ItemGroup>
    <ClCompile Include="src/WatchFace/Watchy_7_SEG/assets/2_7_SEG_Light_fi.png">
      <Filter>Source Files</Filter>
    </ClCompile>
  </ItemGroup>
  <ItemGroup>
    <ClCompile Include="src/WatchFace/Watchy_7_SEG/assets/2_7_SEG_Light_oo.png">
      <Filter>Source Files</Filter>
    </ClCompile>
  </ItemGroup>
  <ItemGroup>
    <ClCompile Include="src/WatchFace/Watchy_7_SEG/assets/2_7_SEG_Light_show.png">
      <Filter>Source Files</Filter>
    </ClCompile>
  </ItemGroup>
  <ItemGroup>
    <ClCompile Include="src/WatchFace/Watchy_7_SEG/assets/3.png">
      <Filter>Source Files</Filter>
    </ClCompile>
  </ItemGroup>
  <ItemGroup>
    <ClCompile Include="src/WatchFace/Watchy_7_SEG/assets/4.png">
      <Filter>Source Files</Filter>
    </ClCompile>
  </ItemGroup>
  <ItemGroup>
    <ClCompile Include="src/WatchFace/Watchy_7_SEG/assets/5.png">
      <Filter>Source Files</Filter>
    </ClCompile>
  </ItemGroup>
  <ItemGroup>
    <ClCompile Include="src/WatchFace/Watchy_7_SEG/assets/6.png">
      <Filter>Source Files</Filter>
    </ClCompile>
  </ItemGroup>
  <ItemGroup>
    <ClCompile Include="src/WatchFace/Watchy_7_SEG/assets/7.png">
      <Filter>Source Files</Filter>
    </ClCompile>
  </ItemGroup>
  <ItemGroup>
    <ClCompile Include="src/WatchFace/Watchy_7_SEG/assets/8.png">
      <Filter>Source Files</Filter>
    </ClCompile>
  </ItemGroup>
  <ItemGroup>
    <ClCompile Include="src/WatchFace/Watchy_7_SEG/assets/9.png">
      <Filter>Source Files</Filter>
    </ClCompile>
  </ItemGroup>
  <ItemGroup>
    <ClCompile Include="src/WatchFace/Watchy_7_SEG/assets/am.png">
      <Filter>Source Files</Filter>
    </ClCompile>
  </ItemGroup>
  <ItemGroup>
    <ClCompile Include="src/WatchFace/Watchy_7_SEG/assets/arr.png">
      <Filter>Source Files</Filter>
    </ClCompile>
  </ItemGroup>
  <ItemGroup>
    <ClCompile Include="src/WatchFace/Watchy_7_SEG/assets/dd_0.png">
      <Filter>Source Files</Filter>
    </ClCompile>
  </ItemGroup>
  <ItemGroup>
    <ClCompile Include="src/WatchFace/Watchy_7_SEG/assets/dd_1.png">
      <Filter>Source Files</Filter>
    </ClCompile>
  </ItemGroup>
  <ItemGroup>
    <ClCompile Include="src/WatchFace/Watchy_7_SEG/assets/dd_2.png">
      <Filter>Source Files</Filter>
    </ClCompile>
  </ItemGroup>
  <ItemGroup>
    <ClCompile Include="src/WatchFace/Watchy_7_SEG/assets/dd_3.png">
      <Filter>Source Files</Filter>
    </ClCompile>
  </ItemGroup>
  <ItemGroup>
    <ClCompile Include="src/WatchFace/Watchy_7_SEG/assets/dd_4.png">
      <Filter>Source Files</Filter>
    </ClCompile>
  </ItemGroup>
  <ItemGroup>
    <ClCompile Include="src/WatchFace/Watchy_7_SEG/assets/dd_5.png">
      <Filter>Source Files</Filter>
    </ClCompile>
  </ItemGroup>
  <ItemGroup>
    <ClCompile Include="src/WatchFace/Watchy_7_SEG/assets/dd_6.png">
      <Filter>Source Files</Filter>
    </ClCompile>
  </ItemGroup>
  <ItemGroup>
    <ClCompile Include="src/WatchFace/Watchy_7_SEG/assets/dd_7.png">
      <Filter>Source Files</Filter>
    </ClCompile>
  </ItemGroup>
  <ItemGroup>
    <ClCompile Include="src/WatchFace/Watchy_7_SEG/assets/dd_8.png">
      <Filter>Source Files</Filter>
    </ClCompile>
  </ItemGroup>
  <ItemGroup>
    <ClCompile Include="src/WatchFace/Watchy_7_SEG/assets/dd_9.png">
      <Filter>Source Files</Filter>
    </ClCompile>
  </ItemGroup>
  <ItemGroup>
    <ClCompile Include="src/WatchFace/Watchy_7_SEG/assets/fd_0.png">
      <Filter>Source Files</Filter>
    </ClCompile>
  </ItemGroup>
  <ItemGroup>
    <ClCompile Include="src/WatchFace/Watchy_7_SEG/assets/fd_1.png">
      <Filter>Source Files</Filter>
    </ClCompile>
  </ItemGroup>
  <ItemGroup>
    <ClCompile Include="src/WatchFace/Watchy_7_SEG/assets/fd_2.png">
      <Filter>Source Files</Filter>
    </ClCompile>
  </ItemGroup>
  <ItemGroup>
    <ClCompile Include="src/WatchFace/Watchy_7_SEG/assets/fd_3.png">
      <Filter>Source Files</Filter>
    </ClCompile>
  </ItemGroup>
  <ItemGroup>
    <ClCompile Include="src/WatchFace/Watchy_7_SEG/assets/fd_4.png">
      <Filter>Source Files</Filter>
    </ClCompile>
  </ItemGroup>
  <ItemGroup>
    <ClCompile Include="src/WatchFace/Watchy_7_SEG/assets/fd_5.png">
      <Filter>Source Files</Filter>
    </ClCompile>
  </ItemGroup>
  <ItemGroup>
    <ClCompile Include="src/WatchFace/Watchy_7_SEG/assets/fd_6.png">
      <Filter>Source Files</Filter>
    </ClCompile>
  </ItemGroup>
  <ItemGroup>
    <ClCompile Include="src/WatchFace/Watchy_7_SEG/assets/fd_7.png">
      <Filter>Source Files</Filter>
    </ClCompile>
  </ItemGroup>
  <ItemGroup>
    <ClCompile Include="src/WatchFace/Watchy_7_SEG/assets/fd_8.png">
      <Filter>Source Files</Filter>
    </ClCompile>
  </ItemGroup>
  <ItemGroup>
    <ClCompile Include="src/WatchFace/Watchy_7_SEG/assets/fd_9.png">
      <Filter>Source Files</Filter>
    </ClCompile>
  </ItemGroup>
  <ItemGroup>
    <ClCompile Include="src/WatchFace/Watchy_7_SEG/assets/img.png">
      <Filter>Source Files</Filter>
    </ClCompile>
  </ItemGroup>
  <ItemGroup>
    <ClCompile Include="src/WatchFace/Watchy_7_SEG/assets/luna sample.png">
      <Filter>Source Files</Filter>
    </ClCompile>
  </ItemGroup>
  <ItemGroup>
    <ClCompile Include="src/WatchFace/Watchy_7_SEG/assets/luna.png">
      <Filter>Source Files</Filter>
    </ClCompile>
  </ItemGroup>
  <ItemGroup>
    <ClCompile Include="src/WatchFace/Watchy_7_SEG/assets/luna.psd">
      <Filter>Source Files</Filter>
    </ClCompile>
  </ItemGroup>
  <ItemGroup>
    <ClCompile Include="src/WatchFace/Watchy_7_SEG/assets/luna0 - 副本 - 副本 (2).png">
      <Filter>Source Files</Filter>
    </ClCompile>
  </ItemGroup>
  <ItemGroup>
    <ClCompile Include="src/WatchFace/Watchy_7_SEG/assets/luna0 - 副本 - 副本 (3).png">
      <Filter>Source Files</Filter>
    </ClCompile>
  </ItemGroup>
  <ItemGroup>
    <ClCompile Include="src/WatchFace/Watchy_7_SEG/assets/luna0 - 副本 - 副本.png">
      <Filter>Source Files</Filter>
    </ClCompile>
  </ItemGroup>
  <ItemGroup>
    <ClCompile Include="src/WatchFace/Watchy_7_SEG/assets/luna0 - 副本 - 副本2.png">
      <Filter>Source Files</Filter>
    </ClCompile>
  </ItemGroup>
  <ItemGroup>
    <ClCompile Include="src/WatchFace/Watchy_7_SEG/assets/luna0.png">
      <Filter>Source Files</Filter>
    </ClCompile>
  </ItemGroup>
  <ItemGroup>
    <ClCompile Include="src/WatchFace/Watchy_7_SEG/assets/luna1.png">
      <Filter>Source Files</Filter>
    </ClCompile>
  </ItemGroup>
  <ItemGroup>
    <ClCompile Include="src/WatchFace/Watchy_7_SEG/assets/luna10.png">
      <Filter>Source Files</Filter>
    </ClCompile>
  </ItemGroup>
  <ItemGroup>
    <ClCompile Include="src/WatchFace/Watchy_7_SEG/assets/luna11.png">
      <Filter>Source Files</Filter>
    </ClCompile>
  </ItemGroup>
  <ItemGroup>
    <ClCompile Include="src/WatchFace/Watchy_7_SEG/assets/luna12.png">
      <Filter>Source Files</Filter>
    </ClCompile>
  </ItemGroup>
  <ItemGroup>
    <ClCompile Include="src/WatchFace/Watchy_7_SEG/assets/luna16 - 副本.png">
      <Filter>Source Files</Filter>
    </ClCompile>
  </ItemGroup>
  <ItemGroup>
    <ClCompile Include="src/WatchFace/Watchy_7_SEG/assets/luna2.png">
      <Filter>Source Files</Filter>
    </ClCompile>
  </ItemGroup>
  <ItemGroup>
    <ClCompile Include="src/WatchFace/Watchy_7_SEG/assets/luna3.png">
      <Filter>Source Files</Filter>
    </ClCompile>
  </ItemGroup>
  <ItemGroup>
    <ClCompile Include="src/WatchFace/Watchy_7_SEG/assets/luna4.png">
      <Filter>Source Files</Filter>
    </ClCompile>
  </ItemGroup>
  <ItemGroup>
    <ClCompile Include="src/WatchFace/Watchy_7_SEG/assets/luna5.png">
      <Filter>Source Files</Filter>
    </ClCompile>
  </ItemGroup>
  <ItemGroup>
    <ClCompile Include="src/WatchFace/Watchy_7_SEG/assets/luna6.png">
      <Filter>Source Files</Filter>
    </ClCompile>
  </ItemGroup>
  <ItemGroup>
    <ClCompile Include="src/WatchFace/Watchy_7_SEG/assets/luna7.png">
      <Filter>Source Files</Filter>
    </ClCompile>
  </ItemGroup>
  <ItemGroup>
    <ClCompile Include="src/WatchFace/Watchy_7_SEG/assets/luna8.png">
      <Filter>Source Files</Filter>
    </ClCompile>
  </ItemGroup>
  <ItemGroup>
    <ClCompile Include="src/WatchFace/Watchy_7_SEG/assets/luna9.png">
      <Filter>Source Files</Filter>
    </ClCompile>
  </ItemGroup>
  <ItemGroup>
    <ClCompile Include="src/WatchFace/Watchy_7_SEG/assets/moon1.png">
      <Filter>Source Files</Filter>
    </ClCompile>
  </ItemGroup>
  <ItemGroup>
    <ClCompile Include="src/WatchFace/Watchy_7_SEG/assets/moon10.png">
      <Filter>Source Files</Filter>
    </ClCompile>
  </ItemGroup>
  <ItemGroup>
    <ClCompile Include="src/WatchFace/Watchy_7_SEG/assets/moon11.png">
      <Filter>Source Files</Filter>
    </ClCompile>
  </ItemGroup>
  <ItemGroup>
    <ClCompile Include="src/WatchFace/Watchy_7_SEG/assets/moon12.png">
      <Filter>Source Files</Filter>
    </ClCompile>
  </ItemGroup>
  <ItemGroup>
    <ClCompile Include="src/WatchFace/Watchy_7_SEG/assets/moon2.png">
      <Filter>Source Files</Filter>
    </ClCompile>
  </ItemGroup>
  <ItemGroup>
    <ClCompile Include="src/WatchFace/Watchy_7_SEG/assets/moon3.png">
      <Filter>Source Files</Filter>
    </ClCompile>
  </ItemGroup>
  <ItemGroup>
    <ClCompile Include="src/WatchFace/Watchy_7_SEG/assets/moon4.png">
      <Filter>Source Files</Filter>
    </ClCompile>
  </ItemGroup>
  <ItemGroup>
    <ClCompile Include="src/WatchFace/Watchy_7_SEG/assets/moon5.png">
      <Filter>Source Files</Filter>
    </ClCompile>
  </ItemGroup>
  <ItemGroup>
    <ClCompile Include="src/WatchFace/Watchy_7_SEG/assets/moon6.png">
      <Filter>Source Files</Filter>
    </ClCompile>
  </ItemGroup>
  <ItemGroup>
    <ClCompile Include="src/WatchFace/Watchy_7_SEG/assets/moon7.png">
      <Filter>Source Files</Filter>
    </ClCompile>
  </ItemGroup>
  <ItemGroup>
    <ClCompile Include="src/WatchFace/Watchy_7_SEG/assets/moon8.png">
      <Filter>Source Files</Filter>
    </ClCompile>
  </ItemGroup>
  <ItemGroup>
    <ClCompile Include="src/WatchFace/Watchy_7_SEG/assets/moon9.png">
      <Filter>Source Files</Filter>
    </ClCompile>
  </ItemGroup>
  <ItemGroup>
    <ClCompile Include="src/WatchFace/Watchy_7_SEG/assets/pic.png">
      <Filter>Source Files</Filter>
    </ClCompile>
  </ItemGroup>
  <ItemGroup>
    <ClCompile Include="src/WatchFace/Watchy_7_SEG/assets/pm.png">
      <Filter>Source Files</Filter>
    </ClCompile>
  </ItemGroup>
  <ItemGroup>
    <ClCompile Include="src/WatchFace/Watchy_7_SEG/assets/Snipaste_2023-07-05_00-37-08.png">
      <Filter>Source Files</Filter>
    </ClCompile>
  </ItemGroup>
  <ItemGroup>
    <ClCompile Include="src/WatchFace/Watchy_7_SEG/assets/Snipaste_2023-07-05_21-21-26.png">
      <Filter>Source Files</Filter>
    </ClCompile>
  </ItemGroup>
  <ItemGroup>
    <ClCompile Include="src/WatchFace/Watchy_7_SEG/assets/下载 (1).png">
      <Filter>Source Files</Filter>
    </ClCompile>
  </ItemGroup>
  <ItemGroup>
    <ClCompile Include="src/WatchFace/Watchy_7_SEG/assets/下载 (2).png">
      <Filter>Source Files</Filter>
    </ClCompile>
  </ItemGroup>
  <ItemGroup>
    <ClCompile Include="src/WatchFace/Watchy_7_SEG/assets/下载 (3).png">
      <Filter>Source Files</Filter>
    </ClCompile>
  </ItemGroup>
  <ItemGroup>
    <ClCompile Include="src/WatchFace/Watchy_7_SEG/assets/下载 (4).png">
      <Filter>Source Files</Filter>
    </ClCompile>
  </ItemGroup>
  <ItemGroup>
    <ClCompile Include="src/WatchFace/Watchy_7_SEG/assets/下载 (5).png">
      <Filter>Source Files</Filter>
    </ClCompile>
  </ItemGroup>
  <ItemGroup>
    <ClCompile Include="src/WatchFace/Watchy_7_SEG/assets/下载.png">
      <Filter>Source Files</Filter>
    </ClCompile>
  </ItemGroup>
  <ItemGroup>
    <ClCompile Include="src/WatchFace/Watchy_Big/WatchyBig.cpp">
      <Filter>Source Files</Filter>
    </ClCompile>
  </ItemGroup>
  <ItemGroup>
    <ClInclude Include="src/WatchFace/Watchy_Big/WatchyBig.h">
      <Filter>Header Files</Filter>
    </ClInclude>
  </ItemGroup>
</Project>